
Microsoft Visual Studio Solution File, Format Version 12.00
# Visual Studio 14
VisualStudioVersion = 14.0.25420.1
MinimumVisualStudioVersion = 10.0.40219.1
Project("{FAE04EC0-301F-11D3-BF4B-00C04F79EFBC}") = "Vic.SportsStore.WebApp", "Vic.SportsStore.WebApp\Vic.SportsStore.WebApp.csproj", "{AE265C37-23BF-45AF-92EB-4D49985C9BBE}"
EndProject
Project("{FAE04EC0-301F-11D3-BF4B-00C04F79EFBC}") = "Vic.SportsStore.Domain", "Vic.SportsStore.Domain\Vic.SportsStore.Domain.csproj", "{9FE6D943-8ABB-4C93-AA5B-EEBBB65D41AA}"
EndProject
Project("{FAE04EC0-301F-11D3-BF4B-00C04F79EFBC}") = "Vic.SportsStore.UnitTests", "Vic.SportsStore.UnitTests\Vic.SportsStore.UnitTests.csproj", "{71D8E4E1-FCAE-4045-8AC3-12EC3B4F079E}"
EndProject
Project("{FAE04EC0-301F-11D3-BF4B-00C04F79EFBC}") = "Vic.SportsStore.DebugConsole", "Vic.SportsStore.DebugConsole\Vic.SportsStore.DebugConsole.csproj", "{F35D6B7D-92C4-47E3-B26A-BD9FFF4BEE0C}"
EndProject
Global
	GlobalSection(SolutionConfigurationPlatforms) = preSolution
		Debug|Any CPU = Debug|Any CPU
		Release|Any CPU = Release|Any CPU
	EndGlobalSection
	GlobalSection(ProjectConfigurationPlatforms) = postSolution
		{AE265C37-23BF-45AF-92EB-4D49985C9BBE}.Debug|Any CPU.ActiveCfg = Debug|Any CPU
		{AE265C37-23BF-45AF-92EB-4D49985C9BBE}.Debug|Any CPU.Build.0 = Debug|Any CPU
		{AE265C37-23BF-45AF-92EB-4D49985C9BBE}.Release|Any CPU.ActiveCfg = Release|Any CPU
		{AE265C37-23BF-45AF-92EB-4D49985C9BBE}.Release|Any CPU.Build.0 = Release|Any CPU
		{9FE6D943-8ABB-4C93-AA5B-EEBBB65D41AA}.Debug|Any CPU.ActiveCfg = Debug|Any CPU
		{9FE6D943-8ABB-4C93-AA5B-EEBBB65D41AA}.Debug|Any CPU.Build.0 = Debug|Any CPU
		{9FE6D943-8ABB-4C93-AA5B-EEBBB65D41AA}.Release|Any CPU.ActiveCfg = Release|Any CPU
		{9FE6D943-8ABB-4C93-AA5B-EEBBB65D41AA}.Release|Any CPU.Build.0 = Release|Any CPU
		{71D8E4E1-FCAE-4045-8AC3-12EC3B4F079E}.Debug|Any CPU.ActiveCfg = Debug|Any CPU
		{71D8E4E1-FCAE-4045-8AC3-12EC3B4F079E}.Debug|Any CPU.Build.0 = Debug|Any CPU
		{71D8E4E1-FCAE-4045-8AC3-12EC3B4F079E}.Release|Any CPU.ActiveCfg = Release|Any CPU
		{71D8E4E1-FCAE-4045-8AC3-12EC3B4F079E}.Release|Any CPU.Build.0 = Release|Any CPU
		{F35D6B7D-92C4-47E3-B26A-BD9FFF4BEE0C}.Debug|Any CPU.ActiveCfg = Debug|Any CPU
		{F35D6B7D-92C4-47E3-B26A-BD9FFF4BEE0C}.Debug|Any CPU.Build.0 = Debug|Any CPU
		{F35D6B7D-92C4-47E3-B26A-BD9FFF4BEE0C}.Release|Any CPU.ActiveCfg = Release|Any CPU
		{F35D6B7D-92C4-47E3-B26A-BD9FFF4BEE0C}.Release|Any CPU.Build.0 = Release|Any CPU
	EndGlobalSection
	GlobalSection(SolutionProperties) = preSolution
		HideSolutionNode = FALSE
	EndGlobalSection
EndGlobal
